
Microsoft Visual Studio Solution File, Format Version 12.00
# Visual Studio Version 17
VisualStudioVersion = 17.7.34221.43
MinimumVisualStudioVersion = 10.0.40219.1
Project("{FAE04EC0-301F-11D3-BF4B-00C04F79EFBC}") = "WebAppForo", "WebAppForo\WebAppForo.csproj", "{662FFBE4-AA0C-4F28-8ABA-3D6AB61919DF}"
EndProject
Global
	GlobalSection(SolutionConfigurationPlatforms) = preSolution
		Debug|Any CPU = Debug|Any CPU
		Release|Any CPU = Release|Any CPU
	EndGlobalSection
	GlobalSection(ProjectConfigurationPlatforms) = postSolution
		{662FFBE4-AA0C-4F28-8ABA-3D6AB61919DF}.Debug|Any CPU.ActiveCfg = Debug|Any CPU
		{662FFBE4-AA0C-4F28-8ABA-3D6AB61919DF}.Debug|Any CPU.Build.0 = Debug|Any CPU
		{662FFBE4-AA0C-4F28-8ABA-3D6AB61919DF}.Release|Any CPU.ActiveCfg = Release|Any CPU
		{662FFBE4-AA0C-4F28-8ABA-3D6AB61919DF}.Release|Any CPU.Build.0 = Release|Any CPU
	EndGlobalSection
	GlobalSection(SolutionProperties) = preSolution
		HideSolutionNode = FALSE
	EndGlobalSection
	GlobalSection(ExtensibilityGlobals) = postSolution
		SolutionGuid = {7C762988-3996-4417-B4DA-45429E941817}
	EndGlobalSection
EndGlobal
